
Microsoft Visual Studio Solution File, Format Version 12.00
# Visual Studio Version 16
VisualStudioVersion = 16.0.31515.178
MinimumVisualStudioVersion = 10.0.40219.1
Project("{9A19103F-16F7-4668-BE54-9A1E7A4F7556}") = "BackEndChallenge", "BackEndChallenge\BackEndChallenge.csproj", "{6A5DE7C1-8146-43EA-921C-D66961286693}"
EndProject
Project("{FAE04EC0-301F-11D3-BF4B-00C04F79EFBC}") = "UnitTest", "UnitTest\UnitTest.csproj", "{B9C02827-1F91-4A2B-AB41-A3FF9C22A125}"
EndProject
Global
	GlobalSection(SolutionConfigurationPlatforms) = preSolution
		Debug|Any CPU = Debug|Any CPU
		Release|Any CPU = Release|Any CPU
	EndGlobalSection
	GlobalSection(ProjectConfigurationPlatforms) = postSolution
		{6A5DE7C1-8146-43EA-921C-D66961286693}.Debug|Any CPU.ActiveCfg = Debug|Any CPU
		{6A5DE7C1-8146-43EA-921C-D66961286693}.Debug|Any CPU.Build.0 = Debug|Any CPU
		{6A5DE7C1-8146-43EA-921C-D66961286693}.Release|Any CPU.ActiveCfg = Release|Any CPU
		{6A5DE7C1-8146-43EA-921C-D66961286693}.Release|Any CPU.Build.0 = Release|Any CPU
		{B9C02827-1F91-4A2B-AB41-A3FF9C22A125}.Debug|Any CPU.ActiveCfg = Debug|Any CPU
		{B9C02827-1F91-4A2B-AB41-A3FF9C22A125}.Debug|Any CPU.Build.0 = Debug|Any CPU
		{B9C02827-1F91-4A2B-AB41-A3FF9C22A125}.Release|Any CPU.ActiveCfg = Release|Any CPU
		{B9C02827-1F91-4A2B-AB41-A3FF9C22A125}.Release|Any CPU.Build.0 = Release|Any CPU
	EndGlobalSection
	GlobalSection(SolutionProperties) = preSolution
		HideSolutionNode = FALSE
	EndGlobalSection
	GlobalSection(ExtensibilityGlobals) = postSolution
		SolutionGuid = {4896B20B-9E05-4838-A1F3-1034CB301FE8}
	EndGlobalSection
EndGlobal
